
Microsoft Visual Studio Solution File, Format Version 12.00
# Visual Studio Version 16
VisualStudioVersion = 16.0.31729.503
MinimumVisualStudioVersion = 10.0.40219.1
Project("{FAE04EC0-301F-11D3-BF4B-00C04F79EFBC}") = "MusicPlayer", "MusicPlayer\MusicPlayer.csproj", "{982370C0-ABE4-4C98-9EA9-70BC467FD560}"
EndProject
Global
	GlobalSection(SolutionConfigurationPlatforms) = preSolution
		Debug|Any CPU = Debug|Any CPU
		Release|Any CPU = Release|Any CPU
	EndGlobalSection
	GlobalSection(ProjectConfigurationPlatforms) = postSolution
		{982370C0-ABE4-4C98-9EA9-70BC467FD560}.Debug|Any CPU.ActiveCfg = Debug|Any CPU
		{982370C0-ABE4-4C98-9EA9-70BC467FD560}.Debug|Any CPU.Build.0 = Debug|Any CPU
		{982370C0-ABE4-4C98-9EA9-70BC467FD560}.Release|Any CPU.ActiveCfg = Release|Any CPU
		{982370C0-ABE4-4C98-9EA9-70BC467FD560}.Release|Any CPU.Build.0 = Release|Any CPU
	EndGlobalSection
	GlobalSection(SolutionProperties) = preSolution
		HideSolutionNode = FALSE
	EndGlobalSection
	GlobalSection(ExtensibilityGlobals) = postSolution
		SolutionGuid = {5289BAE9-160C-4BEE-A34B-8AD8D7905948}
	EndGlobalSection
EndGlobal
